
Microsoft Visual Studio Solution File, Format Version 12.00
# Visual Studio 2013
VisualStudioVersion = 12.0.31101.0
MinimumVisualStudioVersion = 10.0.40219.1
Project("{FAE04EC0-301F-11D3-BF4B-00C04F79EFBC}") = "Radical.CQRS", "Radical.CQRS\Radical.CQRS.csproj", "{653A6247-A969-494C-ABBB-4287FFB729D9}"
EndProject
Project("{FAE04EC0-301F-11D3-BF4B-00C04F79EFBC}") = "Radical.CQRS.Server", "Radical.CQRS.Server\Radical.CQRS.Server.csproj", "{E54A40DC-50BE-4E53-9759-0C59B76E1ACF}"
EndProject
Project("{FAE04EC0-301F-11D3-BF4B-00C04F79EFBC}") = "Radical.CQRS.Client", "Radical.CQRS.Client\Radical.CQRS.Client.csproj", "{F3E2BEBE-A733-4BEB-95BD-18497400BF6E}"
EndProject
Project("{FAE04EC0-301F-11D3-BF4B-00C04F79EFBC}") = "Radical.CQRS.EntityFramework", "Radical.CQRS.EntityFramework\Radical.CQRS.EntityFramework.csproj", "{1B7E9417-C085-450B-912E-55A3518C698C}"
EndProject
Project("{2150E333-8FDC-42A3-9474-1A3956D46DE8}") = "nuget packages", "nuget packages", "{E002A4D7-79E1-4B68-A10C-7B640058561F}"
EndProject
Project("{E09DD79A-4488-4AB9-8D3F-A7EEE78BF432}") = "Radical.CQRS", "nuget\Radical.CQRS\Radical.CQRS.nuproj", "{8506913C-BABA-45BE-B6EB-2DDE2EE47FE2}"
	ProjectSection(ProjectDependencies) = postProject
		{653A6247-A969-494C-ABBB-4287FFB729D9} = {653A6247-A969-494C-ABBB-4287FFB729D9}
	EndProjectSection
EndProject
Project("{E09DD79A-4488-4AB9-8D3F-A7EEE78BF432}") = "Radical.CQRS.Client", "nuget\Radical.CQRS.Client\Radical.CQRS.Client.nuproj", "{57199FA5-8A64-4A3D-A544-5938962C69B3}"
	ProjectSection(ProjectDependencies) = postProject
		{F3E2BEBE-A733-4BEB-95BD-18497400BF6E} = {F3E2BEBE-A733-4BEB-95BD-18497400BF6E}
	EndProjectSection
EndProject
Project("{E09DD79A-4488-4AB9-8D3F-A7EEE78BF432}") = "Radical.CQRS.Server", "nuget\Radical.CQRS.Server\Radical.CQRS.Server.nuproj", "{9C0BB9C4-CDC1-4201-98B5-C2F9B23F8CD3}"
	ProjectSection(ProjectDependencies) = postProject
		{E54A40DC-50BE-4E53-9759-0C59B76E1ACF} = {E54A40DC-50BE-4E53-9759-0C59B76E1ACF}
	EndProjectSection
EndProject
Project("{E09DD79A-4488-4AB9-8D3F-A7EEE78BF432}") = "Radical.CQRS.EntityFramework", "nuget\Radical.CQRS.EntityFramework\Radical.CQRS.EntityFramework.nuproj", "{CC2E9E77-766A-4BEB-909F-E10797FB4FF8}"
	ProjectSection(ProjectDependencies) = postProject
		{1B7E9417-C085-450B-912E-55A3518C698C} = {1B7E9417-C085-450B-912E-55A3518C698C}
	EndProjectSection
EndProject
Project("{2150E333-8FDC-42A3-9474-1A3956D46DE8}") = "2-tier-sample", "2-tier-sample", "{FCF93004-69A3-4D44-A8FD-532005820106}"
EndProject
Project("{2150E333-8FDC-42A3-9474-1A3956D46DE8}") = "1-tier-sample", "1-tier-sample", "{02BDD423-7D41-471D-9B1D-80606742C473}"
EndProject
Project("{FAE04EC0-301F-11D3-BF4B-00C04F79EFBC}") = "Sample.Server", "2-tier-sample\Sample.Server\Sample.Server.csproj", "{A7D775BA-06BC-459E-BA5C-C8BA76FD133D}"
EndProject
Project("{FAE04EC0-301F-11D3-BF4B-00C04F79EFBC}") = "Sample.WpfClient", "1-tier-sample\Sample.WpfClient\Sample.WpfClient.csproj", "{C2016ED4-E37E-4B5F-9D64-460E6FAFDC70}"
EndProject
Project("{FAE04EC0-301F-11D3-BF4B-00C04F79EFBC}") = "Sample.WpfClient", "2-tier-sample\Sample.WpfClient\Sample.WpfClient.csproj", "{5B625C56-EE62-4F31-AC08-B16B2372CA72}"
EndProject
Project("{FAE04EC0-301F-11D3-BF4B-00C04F79EFBC}") = "Sample.Domain", "samples-shared\Sample.Domain\Sample.Domain.csproj", "{A3DAC0FF-6C09-4C98-9B0E-D01BF986769C}"
EndProject
Project("{FAE04EC0-301F-11D3-BF4B-00C04F79EFBC}") = "Sample.ViewModels", "samples-shared\Sample.ViewModels\Sample.ViewModels.csproj", "{412C0CD9-F3B7-4519-A1A0-C90234D5EE1F}"
EndProject
Project("{FAE04EC0-301F-11D3-BF4B-00C04F79EFBC}") = "Sample.Messages", "samples-shared\Sample.Messages\Sample.Messages.csproj", "{6FAAC3D2-3AFF-4291-B15A-E0857577450B}"
EndProject
Project("{2150E333-8FDC-42A3-9474-1A3956D46DE8}") = "samples", "samples", "{FA151CCA-D872-4FB7-B5E0-6BE06688D30F}"
EndProject
Project("{FAE04EC0-301F-11D3-BF4B-00C04F79EFBC}") = "Sample.Migrations", "samples-shared\Sample.Migrations\Sample.Migrations.csproj", "{9A5FA738-AF1E-4325-BFB0-E37A8204CBF7}"
EndProject
Project("{FAE04EC0-301F-11D3-BF4B-00C04F79EFBC}") = "Sample.Domain.Handlers", "Sample.Domain.Handlers\Sample.Domain.Handlers.csproj", "{1608950F-4A1E-4FCA-A6FC-7BF0BC5716CE}"
EndProject
Project("{2150E333-8FDC-42A3-9474-1A3956D46DE8}") = "Migrations", "Migrations", "{F65E89C5-FA5B-401B-AE36-B5A9A965F088}"
EndProject
Project("{2150E333-8FDC-42A3-9474-1A3956D46DE8}") = "Solution Items", "Solution Items", "{5FAB3285-0C8B-4D4C-B434-791F145F53C3}"
	ProjectSection(SolutionItems) = preProject
		..\README.md = ..\README.md
	EndProjectSection
EndProject
Global
	GlobalSection(SolutionConfigurationPlatforms) = preSolution
		Debug|Any CPU = Debug|Any CPU
		Release|Any CPU = Release|Any CPU
	EndGlobalSection
	GlobalSection(ProjectConfigurationPlatforms) = postSolution
		{653A6247-A969-494C-ABBB-4287FFB729D9}.Debug|Any CPU.ActiveCfg = Debug|Any CPU
		{653A6247-A969-494C-ABBB-4287FFB729D9}.Debug|Any CPU.Build.0 = Debug|Any CPU
		{653A6247-A969-494C-ABBB-4287FFB729D9}.Release|Any CPU.ActiveCfg = Release|Any CPU
		{653A6247-A969-494C-ABBB-4287FFB729D9}.Release|Any CPU.Build.0 = Release|Any CPU
		{E54A40DC-50BE-4E53-9759-0C59B76E1ACF}.Debug|Any CPU.ActiveCfg = Debug|Any CPU
		{E54A40DC-50BE-4E53-9759-0C59B76E1ACF}.Debug|Any CPU.Build.0 = Debug|Any CPU
		{E54A40DC-50BE-4E53-9759-0C59B76E1ACF}.Release|Any CPU.ActiveCfg = Release|Any CPU
		{E54A40DC-50BE-4E53-9759-0C59B76E1ACF}.Release|Any CPU.Build.0 = Release|Any CPU
		{F3E2BEBE-A733-4BEB-95BD-18497400BF6E}.Debug|Any CPU.ActiveCfg = Debug|Any CPU
		{F3E2BEBE-A733-4BEB-95BD-18497400BF6E}.Debug|Any CPU.Build.0 = Debug|Any CPU
		{F3E2BEBE-A733-4BEB-95BD-18497400BF6E}.Release|Any CPU.ActiveCfg = Release|Any CPU
		{F3E2BEBE-A733-4BEB-95BD-18497400BF6E}.Release|Any CPU.Build.0 = Release|Any CPU
		{1B7E9417-C085-450B-912E-55A3518C698C}.Debug|Any CPU.ActiveCfg = Debug|Any CPU
		{1B7E9417-C085-450B-912E-55A3518C698C}.Debug|Any CPU.Build.0 = Debug|Any CPU
		{1B7E9417-C085-450B-912E-55A3518C698C}.Release|Any CPU.ActiveCfg = Release|Any CPU
		{1B7E9417-C085-450B-912E-55A3518C698C}.Release|Any CPU.Build.0 = Release|Any CPU
		{8506913C-BABA-45BE-B6EB-2DDE2EE47FE2}.Debug|Any CPU.ActiveCfg = Debug|Any CPU
		{8506913C-BABA-45BE-B6EB-2DDE2EE47FE2}.Debug|Any CPU.Build.0 = Debug|Any CPU
		{8506913C-BABA-45BE-B6EB-2DDE2EE47FE2}.Release|Any CPU.ActiveCfg = Release|Any CPU
		{8506913C-BABA-45BE-B6EB-2DDE2EE47FE2}.Release|Any CPU.Build.0 = Release|Any CPU
		{57199FA5-8A64-4A3D-A544-5938962C69B3}.Debug|Any CPU.ActiveCfg = Debug|Any CPU
		{57199FA5-8A64-4A3D-A544-5938962C69B3}.Debug|Any CPU.Build.0 = Debug|Any CPU
		{57199FA5-8A64-4A3D-A544-5938962C69B3}.Release|Any CPU.ActiveCfg = Release|Any CPU
		{57199FA5-8A64-4A3D-A544-5938962C69B3}.Release|Any CPU.Build.0 = Release|Any CPU
		{9C0BB9C4-CDC1-4201-98B5-C2F9B23F8CD3}.Debug|Any CPU.ActiveCfg = Debug|Any CPU
		{9C0BB9C4-CDC1-4201-98B5-C2F9B23F8CD3}.Debug|Any CPU.Build.0 = Debug|Any CPU
		{9C0BB9C4-CDC1-4201-98B5-C2F9B23F8CD3}.Release|Any CPU.ActiveCfg = Release|Any CPU
		{9C0BB9C4-CDC1-4201-98B5-C2F9B23F8CD3}.Release|Any CPU.Build.0 = Release|Any CPU
		{CC2E9E77-766A-4BEB-909F-E10797FB4FF8}.Debug|Any CPU.ActiveCfg = Debug|Any CPU
		{CC2E9E77-766A-4BEB-909F-E10797FB4FF8}.Debug|Any CPU.Build.0 = Debug|Any CPU
		{CC2E9E77-766A-4BEB-909F-E10797FB4FF8}.Release|Any CPU.ActiveCfg = Release|Any CPU
		{CC2E9E77-766A-4BEB-909F-E10797FB4FF8}.Release|Any CPU.Build.0 = Release|Any CPU
		{A7D775BA-06BC-459E-BA5C-C8BA76FD133D}.Debug|Any CPU.ActiveCfg = Debug|Any CPU
		{A7D775BA-06BC-459E-BA5C-C8BA76FD133D}.Debug|Any CPU.Build.0 = Debug|Any CPU
		{A7D775BA-06BC-459E-BA5C-C8BA76FD133D}.Release|Any CPU.ActiveCfg = Release|Any CPU
		{A7D775BA-06BC-459E-BA5C-C8BA76FD133D}.Release|Any CPU.Build.0 = Release|Any CPU
		{C2016ED4-E37E-4B5F-9D64-460E6FAFDC70}.Debug|Any CPU.ActiveCfg = Debug|Any CPU
		{C2016ED4-E37E-4B5F-9D64-460E6FAFDC70}.Debug|Any CPU.Build.0 = Debug|Any CPU
		{C2016ED4-E37E-4B5F-9D64-460E6FAFDC70}.Release|Any CPU.ActiveCfg = Release|Any CPU
		{C2016ED4-E37E-4B5F-9D64-460E6FAFDC70}.Release|Any CPU.Build.0 = Release|Any CPU
		{5B625C56-EE62-4F31-AC08-B16B2372CA72}.Debug|Any CPU.ActiveCfg = Debug|Any CPU
		{5B625C56-EE62-4F31-AC08-B16B2372CA72}.Debug|Any CPU.Build.0 = Debug|Any CPU
		{5B625C56-EE62-4F31-AC08-B16B2372CA72}.Release|Any CPU.ActiveCfg = Release|Any CPU
		{5B625C56-EE62-4F31-AC08-B16B2372CA72}.Release|Any CPU.Build.0 = Release|Any CPU
		{A3DAC0FF-6C09-4C98-9B0E-D01BF986769C}.Debug|Any CPU.ActiveCfg = Debug|Any CPU
		{A3DAC0FF-6C09-4C98-9B0E-D01BF986769C}.Debug|Any CPU.Build.0 = Debug|Any CPU
		{A3DAC0FF-6C09-4C98-9B0E-D01BF986769C}.Release|Any CPU.ActiveCfg = Release|Any CPU
		{A3DAC0FF-6C09-4C98-9B0E-D01BF986769C}.Release|Any CPU.Build.0 = Release|Any CPU
		{412C0CD9-F3B7-4519-A1A0-C90234D5EE1F}.Debug|Any CPU.ActiveCfg = Debug|Any CPU
		{412C0CD9-F3B7-4519-A1A0-C90234D5EE1F}.Debug|Any CPU.Build.0 = Debug|Any CPU
		{412C0CD9-F3B7-4519-A1A0-C90234D5EE1F}.Release|Any CPU.ActiveCfg = Release|Any CPU
		{412C0CD9-F3B7-4519-A1A0-C90234D5EE1F}.Release|Any CPU.Build.0 = Release|Any CPU
		{6FAAC3D2-3AFF-4291-B15A-E0857577450B}.Debug|Any CPU.ActiveCfg = Debug|Any CPU
		{6FAAC3D2-3AFF-4291-B15A-E0857577450B}.Debug|Any CPU.Build.0 = Debug|Any CPU
		{6FAAC3D2-3AFF-4291-B15A-E0857577450B}.Release|Any CPU.ActiveCfg = Release|Any CPU
		{6FAAC3D2-3AFF-4291-B15A-E0857577450B}.Release|Any CPU.Build.0 = Release|Any CPU
		{9A5FA738-AF1E-4325-BFB0-E37A8204CBF7}.Debug|Any CPU.ActiveCfg = Debug|Any CPU
		{9A5FA738-AF1E-4325-BFB0-E37A8204CBF7}.Debug|Any CPU.Build.0 = Debug|Any CPU
		{9A5FA738-AF1E-4325-BFB0-E37A8204CBF7}.Release|Any CPU.ActiveCfg = Release|Any CPU
		{9A5FA738-AF1E-4325-BFB0-E37A8204CBF7}.Release|Any CPU.Build.0 = Release|Any CPU
		{1608950F-4A1E-4FCA-A6FC-7BF0BC5716CE}.Debug|Any CPU.ActiveCfg = Debug|Any CPU
		{1608950F-4A1E-4FCA-A6FC-7BF0BC5716CE}.Debug|Any CPU.Build.0 = Debug|Any CPU
		{1608950F-4A1E-4FCA-A6FC-7BF0BC5716CE}.Release|Any CPU.ActiveCfg = Release|Any CPU
		{1608950F-4A1E-4FCA-A6FC-7BF0BC5716CE}.Release|Any CPU.Build.0 = Release|Any CPU
	EndGlobalSection
	GlobalSection(SolutionProperties) = preSolution
		HideSolutionNode = FALSE
	EndGlobalSection
	GlobalSection(NestedProjects) = preSolution
		{8506913C-BABA-45BE-B6EB-2DDE2EE47FE2} = {E002A4D7-79E1-4B68-A10C-7B640058561F}
		{57199FA5-8A64-4A3D-A544-5938962C69B3} = {E002A4D7-79E1-4B68-A10C-7B640058561F}
		{9C0BB9C4-CDC1-4201-98B5-C2F9B23F8CD3} = {E002A4D7-79E1-4B68-A10C-7B640058561F}
		{CC2E9E77-766A-4BEB-909F-E10797FB4FF8} = {E002A4D7-79E1-4B68-A10C-7B640058561F}
		{FCF93004-69A3-4D44-A8FD-532005820106} = {FA151CCA-D872-4FB7-B5E0-6BE06688D30F}
		{02BDD423-7D41-471D-9B1D-80606742C473} = {FA151CCA-D872-4FB7-B5E0-6BE06688D30F}
		{A7D775BA-06BC-459E-BA5C-C8BA76FD133D} = {FCF93004-69A3-4D44-A8FD-532005820106}
		{C2016ED4-E37E-4B5F-9D64-460E6FAFDC70} = {02BDD423-7D41-471D-9B1D-80606742C473}
		{5B625C56-EE62-4F31-AC08-B16B2372CA72} = {FCF93004-69A3-4D44-A8FD-532005820106}
		{A3DAC0FF-6C09-4C98-9B0E-D01BF986769C} = {FA151CCA-D872-4FB7-B5E0-6BE06688D30F}
		{412C0CD9-F3B7-4519-A1A0-C90234D5EE1F} = {FA151CCA-D872-4FB7-B5E0-6BE06688D30F}
		{6FAAC3D2-3AFF-4291-B15A-E0857577450B} = {FA151CCA-D872-4FB7-B5E0-6BE06688D30F}
		{9A5FA738-AF1E-4325-BFB0-E37A8204CBF7} = {F65E89C5-FA5B-401B-AE36-B5A9A965F088}
		{1608950F-4A1E-4FCA-A6FC-7BF0BC5716CE} = {FA151CCA-D872-4FB7-B5E0-6BE06688D30F}
		{F65E89C5-FA5B-401B-AE36-B5A9A965F088} = {FA151CCA-D872-4FB7-B5E0-6BE06688D30F}
	EndGlobalSection
EndGlobal
